{
  "name": "ng-postcode-smithery-publish",
  "lockfileVersion": 3,
  "requires": true,
  "packages": {
    "": {
      "name": "ng-postcode-smithery-publish",
      "devDependencies": {
        "@smithery/cli": "4.11.1"
      }
    },
    "node_modules/@smithery/cli": {
      "version": "4.11.1",
      "resolved": "https://registry.npmjs.org/@smithery/cli/-/cli-4.11.1.tgz",
      "integrity": "sha512-GL8G6bXm78fgvMjjyPtO+x+wQfu0SRFqKaQK50w1iZHgqkNajGtpowXt+MeCg8zY8ZM3OsH5eqRESKL3ptZ3Ug==",
      "dev": true,
      "hasInstallScript": true,
      "bin": {
        "smithery": "dist/index.js"
      },
      "engines": {
        "node": ">=20.0.0"
      },
      "peerDependencies": {
        "zod": "^3.20.0 || ^4"
      }
    },
    "node_modules/zod": {
      "version": "4.6.5",
      "resolved": "https://registry.npmjs.org/zod/-/zod-4.6.5.tgz",
      "integrity": "sha512-v5l/aFXZQeai4awLbOpSoHecE9UiMrnfx75tEXLjNonXVARxQ5mOeipTjROUchszUNCqnE+hqAMujRsRHsut2Q==",
      "dev": true,
      "license": "MIT",
      "peer": true,
      "funding": {
        "url": "https://github.com/sponsors/colinhacks"
      }
    }
  }
}
